
Microsoft Visual Studio Solution File, Format Version 12.00
# Visual Studio Version 17
VisualStudioVersion = 17.14.36511.14 d17.14
MinimumVisualStudioVersion = 10.0.40219.1
Project("{FAE04EC0-301F-11D3-BF4B-00C04F79EFBC}") = "TaskManager.Domain", "TaskManager.Domain\TaskManager.Domain.csproj", "{F425815A-5D70-41B6-8376-710472B2EB4A}"
EndProject
Project("{FAE04EC0-301F-11D3-BF4B-00C04F79EFBC}") = "TaskManager.Infrastructure", "TaskManager.Infrastructure\TaskManager.Infrastructure.csproj", "{BB78AE3E-8CA8-4097-AADD-75BBBA17BA84}"
EndProject
Project("{FAE04EC0-301F-11D3-BF4B-00C04F79EFBC}") = "TaskManager.Application", "TaskManager.Application\TaskManager.Application.csproj", "{FC593F6C-4D97-42A5-9F68-AFC02620B0F7}"
EndProject
Project("{FAE04EC0-301F-11D3-BF4B-00C04F79EFBC}") = "TaskManager.API", "TaskManager.API\TaskManager.API.csproj", "{9B092264-FC7F-4097-BAE2-00AA44FAC904}"
EndProject
Global
	GlobalSection(SolutionConfigurationPlatforms) = preSolution
		Debug|Any CPU = Debug|Any CPU
		Release|Any CPU = Release|Any CPU
	EndGlobalSection
	GlobalSection(ProjectConfigurationPlatforms) = postSolution
		{F425815A-5D70-41B6-8376-710472B2EB4A}.Debug|Any CPU.ActiveCfg = Debug|Any CPU
		{F425815A-5D70-41B6-8376-710472B2EB4A}.Debug|Any CPU.Build.0 = Debug|Any CPU
		{F425815A-5D70-41B6-8376-710472B2EB4A}.Release|Any CPU.ActiveCfg = Release|Any CPU
		{F425815A-5D70-41B6-8376-710472B2EB4A}.Release|Any CPU.Build.0 = Release|Any CPU
		{BB78AE3E-8CA8-4097-AADD-75BBBA17BA84}.Debug|Any CPU.ActiveCfg = Debug|Any CPU
		{BB78AE3E-8CA8-4097-AADD-75BBBA17BA84}.Debug|Any CPU.Build.0 = Debug|Any CPU
		{BB78AE3E-8CA8-4097-AADD-75BBBA17BA84}.Release|Any CPU.ActiveCfg = Release|Any CPU
		{BB78AE3E-8CA8-4097-AADD-75BBBA17BA84}.Release|Any CPU.Build.0 = Release|Any CPU
		{FC593F6C-4D97-42A5-9F68-AFC02620B0F7}.Debug|Any CPU.ActiveCfg = Debug|Any CPU
		{FC593F6C-4D97-42A5-9F68-AFC02620B0F7}.Debug|Any CPU.Build.0 = Debug|Any CPU
		{FC593F6C-4D97-42A5-9F68-AFC02620B0F7}.Release|Any CPU.ActiveCfg = Release|Any CPU
		{FC593F6C-4D97-42A5-9F68-AFC02620B0F7}.Release|Any CPU.Build.0 = Release|Any CPU
		{9B092264-FC7F-4097-BAE2-00AA44FAC904}.Debug|Any CPU.ActiveCfg = Debug|Any CPU
		{9B092264-FC7F-4097-BAE2-00AA44FAC904}.Debug|Any CPU.Build.0 = Debug|Any CPU
		{9B092264-FC7F-4097-BAE2-00AA44FAC904}.Release|Any CPU.ActiveCfg = Release|Any CPU
		{9B092264-FC7F-4097-BAE2-00AA44FAC904}.Release|Any CPU.Build.0 = Release|Any CPU
	EndGlobalSection
	GlobalSection(SolutionProperties) = preSolution
		HideSolutionNode = FALSE
	EndGlobalSection
	GlobalSection(ExtensibilityGlobals) = postSolution
		SolutionGuid = {0EF2B627-06FA-486D-A750-90C7053993AC}
	EndGlobalSection
EndGlobal
